// !$*UTF8*$!
{
	archiveVersion = 1;
	classes = {
	};
	objectVersion = 46;
	objects = {

/* Begin PBXBuildFile section */
		81D1469D1D2A28C0009BC74C /* AppDelegate.swift in Sources */ = {isa = PBXBuildFile; fileRef = 81D1469C1D2A28C0009BC74C /* AppDelegate.swift */; };
		81D1469F1D2A28C0009BC74C /* ViewController.swift in Sources */ = {isa = PBXBuildFile; fileRef = 81D1469E1D2A28C0009BC74C /* ViewController.swift */; };
		81D146A21D2A28C0009BC74C /* Main.storyboard in Resources */ = {isa = PBXBuildFile; fileRef = 81D146A01D2A28C0009BC74C /* Main.storyboard */; };
		81D146A41D2A28C0009BC74C /* Assets.xcassets in Resources */ = {isa = PBXBuildFile; fileRef = 81D146A31D2A28C0009BC74C /* Assets.xcassets */; };
		81D146A71D2A28C0009BC74C /* LaunchScreen.storyboard in Resources */ = {isa = PBXBuildFile; fileRef = 81D146A51D2A28C0009BC74C /* LaunchScreen.storyboard */; };
/* End PBXBuildFile section */

/* Begin PBXFileReference section */
		81D146991D2A28C0009BC74C /* UniversalDemo.app */ = {isa = PBXFileReference; explicitFileType = wrapper.application; includeInIndex = 0; path = UniversalDemo.app; sourceTree = BUILT_PRODUCTS_DIR; };
		81D1469C1D2A28C0009BC74C /* AppDelegate.swift */ = {isa = PBXFileReference; lastKnownFileType = sourcecode.swift; path = AppDelegate.swift; sourceTree = "<group>"; };
		81D1469E1D2A28C0009BC74C /* ViewController.swift */ = {isa = PBXFileReference; lastKnownFileType = sourcecode.swift; path = ViewController.swift; sourceTree = "<group>"; };
		81D146A11D2A28C0009BC74C /* Base */ = {isa = PBXFileReference; lastKnownFileType = file.storyboard; name = Base; path = Base.lproj/Main.storyboard; sourceTree = "<group>"; };
		81D146A31D2A28C0009BC74C /* Assets.xcassets */ = {isa = PBXFileReference; lastKnownFileType = folder.assetcatalog; path = Assets.xcassets; sourceTree = "<group>"; };
		81D146A61D2A28C0009BC74C /* Base */ = {isa = PBXFileReference; lastKnownFileType = file.storyboard; name = Base; path = Base.lproj/LaunchScreen.storyboard; sourceTree = "<group>"; };
		81D146A81D2A28C0009BC74C /* Info.plist */ = {isa = PBXFileReference; lastKnownFileType = text.plist.xml; path = Info.plist; sourceTree = "<group>"; };
/* End PBXFileReference section */

/* Begin PBXFrameworksBuildPhase section */
		81D146961D2A28C0009BC74C /* Frameworks */ = {
			isa = PBXFrameworksBuildPhase;
			buildActionMask = 2147483647;
			files = (
			);
			runOnlyForDeploymentPostprocessing = 0;
		};
/* End PBXFrameworksBuildPhase section */

/* Begin PBXGroup section */
		81D146901D2A28C0009BC74C = {
			isa = PBXGroup;
			children = (
				81D1469B1D2A28C0009BC74C /* UniversalDemo */,
				81D1469A1D2A28C0009BC74C /* Products */,
			);
			sourceTree = "<group>";
		};
		81D1469A1D2A28C0009BC74C /* Products */ = {
			isa = PBXGroup;
			children = (
				81D146991D2A28C0009BC74C /* UniversalDemo.app */,
			);
			name = Products;
			sourceTree = "<group>";
		};
		81D1469B1D2A28C0009BC74C /* UniversalDemo */ = {
			isa = PBXGroup;
			children = (
				81D1469C1D2A28C0009BC74C /* AppDelegate.swift */,
				81D1469E1D2A28C0009BC74C /* ViewController.swift */,
				81D146A01D2A28C0009BC74C /* Main.storyboard */,
				81D146A31D2A28C0009BC74C /* Assets.xcassets */,
				81D146A51D2A28C0009BC74C /* LaunchScreen.storyboard */,
				81D146A81D2A28C0009BC74C /* Info.plist */,
			);
			path = UniversalDemo;
			sourceTree = "<group>";
		};
/* End PBXGroup section */

/* Begin PBXNativeTarget section */
		81D146981D2A28C0009BC74C /* UniversalDemo */ = {
			isa = PBXNativeTarget;
			buildConfigurationList = 81D146AB1D2A28C0009BC74C /* Build configuration list for PBXNativeTarget "UniversalDemo" */;
			buildPhases = (
				81D146951D2A28C0009BC74C /* Sources */,
				81D146961D2A28C0009BC74C /* Frameworks */,
				81D146971D2A28C0009BC74C /* Resources */,
			);
			buildRules = (
			);
			dependencies = (
			);
			name = UniversalDemo;
			productName = UniversalDemo;
			productReference = 81D146991D2A28C0009BC74C /* UniversalDemo.app */;
			productType = "com.apple.product-type.application";
		};
/* End PBXNativeTarget section */

/* Begin PBXProject section */
		81D146911D2A28C0009BC74C /* Project object */ = {
			isa = PBXProject;
			attributes = {
				LastSwiftUpdateCheck = 0730;
				LastUpgradeCheck = 0730;
				ORGANIZATIONNAME = KangJungu;
				TargetAttributes = {
					81D146981D2A28C0009BC74C = {
						CreatedOnToolsVersion = 7.3.1;
						DevelopmentTeam = 9N4MGQU6RG;
					};
				};
			};
			buildConfigurationList = 81D146941D2A28C0009BC74C /* Build configuration list for PBXProject "UniversalDemo" */;
			compatibilityVersion = "Xcode 3.2";
			developmentRegion = English;
			hasScannedForEncodings = 0;
			knownRegions = (
				en,
				Base,
			);
			mainGroup = 81D146901D2A28C0009BC74C;
			productRefGroup = 81D1469A1D2A28C0009BC74C /* Products */;
			projectDirPath = "";
			projectRoot = "";
			targets = (
				81D146981D2A28C0009BC74C /* UniversalDemo */,
			);
		};
/* End PBXProject section */

/* Begin PBXResourcesBuildPhase section */
		81D146971D2A28C0009BC74C /* Resources */ = {
			isa = PBXResourcesBuildPhase;
			buildActionMask = 2147483647;
			files = (
				81D146A71D2A28C0009BC74C /* LaunchScreen.storyboard in Resources */,
				81D146A41D2A28C0009BC74C /* Assets.xcassets in Resources */,
				81D146A21D2A28C0009BC74C /* Main.storyboard in Resources */,
			);
			runOnlyForDeploymentPostprocessing = 0;
		};
/* End PBXResourcesBuildPhase section */

/* Begin PBXSourcesBuildPhase section */
		81D146951D2A28C0009BC74C /* Sources */ = {
			isa = PBXSourcesBuildPhase;
			buildActionMask = 2147483647;
			files = (
				81D1469F1D2A28C0009BC74C /* ViewController.swift in Sources */,
				81D1469D1D2A28C0009BC74C /* AppDelegate.swift in Sources */,
			);
			runOnlyForDeploymentPostprocessing = 0;
		};
/* End PBXSourcesBuildPhase section */

/* Begin PBXVariantGroup section */
		81D146A01D2A28C0009BC74C /* Main.storyboard */ = {
			isa = PBXVariantGroup;
			children = (
				81D146A11D2A28C0009BC74C /* Base */,
			);
			name = Main.storyboard;
			sourceTree = "<group>";
		};
		81D146A51D2A28C0009BC74C /* LaunchScreen.storyboard */ = {
			isa = PBXVariantGroup;
			children = (
				81D146A61D2A28C0009BC74C /* Base */,
			);
			name = LaunchScreen.storyboard;
			sourceTree = "<group>";
		};
/* End PBXVariantGroup section */

/* Begin XCBuildConfiguration section */
		81D146A91D2A28C0009BC74C /* Debug */ = {
			isa = XCBuildConfiguration;
			buildSettings = {
				ALWAYS_SEARCH_USER_PATHS = NO;
				CLANG_ANALYZER_NONNULL = YES;
				CLANG_CXX_LANGUAGE_STANDARD = "gnu++0x";
				CLANG_CXX_LIBRARY = "libc++";
				CLANG_ENABLE_MODULES = YES;
				CLANG_ENABLE_OBJC_ARC = YES;
				CLANG_WARN_BOOL_CONVERSION = YES;
				CLANG_WARN_CONSTANT_CONVERSION = YES;
				CLANG_WARN_DIRECT_OBJC_ISA_USAGE = YES_ERROR;
				CLANG_WARN_EMPTY_BODY = YES;
				CLANG_WARN_ENUM_CONVERSION = YES;
				CLANG_WARN_INT_CONVERSION = YES;
				CLANG_WARN_OBJC_ROOT_CLASS = YES_ERROR;
				CLANG_WARN_UNREACHABLE_CODE = YES;
				CLANG_WARN__DUPLICATE_METHOD_MATCH = YES;
				"CODE_SIGN_IDENTITY[sdk=iphoneos*]" = "iPhone Developer";
				COPY_PHASE_STRIP = NO;
				DEBUG_INFORMATION_FORMAT = dwarf;
				ENABLE_STRICT_OBJC_MSGSEND = YES;
				ENABLE_TESTABILITY = YES;
				GCC_C_LANGUAGE_STANDARD = gnu99;
				GCC_DYNAMIC_NO_PIC = NO;
				GCC_NO_COMMON_BLOCKS = YES;
				GCC_OPTIMIZATION_LEVEL = 0;
				GCC_PREPROCESSOR_DEFINITIONS = (
					"DEBUG=1",
					"$(inherited)",
				);
				GCC_WARN_64_TO_32_BIT_CONVERSION = YES;
				GCC_WARN_ABOUT_RETURN_TYPE = YES_ERROR;
				GCC_WARN_UNDECLARED_SELECTOR = YES;
				GCC_WARN_UNINITIALIZED_AUTOS = YES_AGGRESSIVE;
				GCC_WARN_UNUSED_FUNCTION = YES;
				GCC_WARN_UNUSED_VARIABLE = YES;
				IPHONEOS_DEPLOYMENT_TARGET = 9.3;
				MTL_ENABLE_DEBUG_INFO = YES;
				ONLY_ACTIVE_ARCH = YES;
				SDKROOT = iphoneos;
				SWIFT_OPTIMIZATION_LEVEL = "-Onone";
				TARGETED_DEVICE_FAMILY = "1,2";
			};
			name = Debug;
		};
		81D146AA1D2A28C0009BC74C /* Release */ = {
			isa = XCBuildConfiguration;
			buildSettings = {
				ALWAYS_SEARCH_USER_PATHS = NO;
				CLANG_ANALYZER_NONNULL = YES;
				CLANG_CXX_LANGUAGE_STANDARD = "gnu++0x";
				CLANG_CXX_LIBRARY = "libc++";
				CLANG_ENABLE_MODULES = YES;
				CLANG_ENABLE_OBJC_ARC = YES;
				CLANG_WARN_BOOL_CONVERSION = YES;
				CLANG_WARN_CONSTANT_CONVERSION = YES;
				CLANG_WARN_DIRECT_OBJC_ISA_USAGE = YES_ERROR;
				CLANG_WARN_EMPTY_BODY = YES;
				CLANG_WARN_ENUM_CONVERSION = YES;
				CLANG_WARN_INT_CONVERSION = YES;
				CLANG_WARN_OBJC_ROOT_CLASS = YES_ERROR;
				CLANG_WARN_UNREACHABLE_CODE = YES;
				CLANG_WARN__DUPLICATE_METHOD_MATCH = YES;
				"CODE_SIGN_IDENTITY[sdk=iphoneos*]" = "iPhone Developer";
				COPY_PHASE_STRIP = NO;
				DEBUG_INFORMATION_FORMAT = "dwarf-with-dsym";
				ENABLE_NS_ASSERTIONS = NO;
				ENABLE_STRICT_OBJC_MSGSEND = YES;
				GCC_C_LANGUAGE_STANDARD = gnu99;
				GCC_NO_COMMON_BLOCKS = YES;
				GCC_WARN_64_TO_32_BIT_CONVERSION = YES;
				GCC_WARN_ABOUT_RETURN_TYPE = YES_ERROR;
				GCC_WARN_UNDECLARED_SELECTOR = YES;
				GCC_WARN_UNINITIALIZED_AUTOS = YES_AGGRESSIVE;
				GCC_WARN_UNUSED_FUNCTION = YES;
				GCC_WARN_UNUSED_VARIABLE = YES;
				IPHONEOS_DEPLOYMENT_TARGET = 9.3;
				MTL_ENABLE_DEBUG_INFO = NO;
				SDKROOT = iphoneos;
				TARGETED_DEVICE_FAMILY = "1,2";
				VALIDATE_PRODUCT = YES;
			};
			name = Release;
		};
		81D146AC1D2A28C0009BC74C /* Debug */ = {
			isa = XCBuildConfiguration;
			buildSettings = {
				ASSETCATALOG_COMPILER_APPICON_NAME = AppIcon;
				INFOPLIST_FILE = UniversalDemo/Info.plist;
				LD_RUNPATH_SEARCH_PATHS = "$(inherited) @executable_path/Frameworks";
				PRODUCT_BUNDLE_IDENTIFIER = com.JHJG.www.UniversalDemo;
				PRODUCT_NAME = "$(TARGET_NAME)";
			};
			name = Debug;
		};
		81D146AD1D2A28C0009BC74C /* Release */ = {
			isa = XCBuildConfiguration;
			buildSettings = {
				ASSETCATALOG_COMPILER_APPICON_NAME = AppIcon;
				INFOPLIST_FILE = UniversalDemo/Info.plist;
				LD_RUNPATH_SEARCH_PATHS = "$(inherited) @executable_path/Frameworks";
				PRODUCT_BUNDLE_IDENTIFIER = com.JHJG.www.UniversalDemo;
				PRODUCT_NAME = "$(TARGET_NAME)";
			};
			name = Release;
		};
/* End XCBuildConfiguration section */

/* Begin XCConfigurationList section */
		81D146941D2A28C0009BC74C /* Build configuration list for PBXProject "UniversalDemo" */ = {
			isa = XCConfigurationList;
			buildConfigurations = (
				81D146A91D2A28C0009BC74C /* Debug */,
				81D146AA1D2A28C0009BC74C /* Release */,
			);
			defaultConfigurationIsVisible = 0;
			defaultConfigurationName = Release;
		};
		81D146AB1D2A28C0009BC74C /* Build configuration list for PBXNativeTarget "UniversalDemo" */ = {
			isa = XCConfigurationList;
			buildConfigurations = (
				81D146AC1D2A28C0009BC74C /* Debug */,
				81D146AD1D2A28C0009BC74C /* Release */,
			);
			defaultConfigurationIsVisible = 0;
		};
/* End XCConfigurationList section */
	};
	rootObject = 81D146911D2A28C0009BC74C /* Project object */;
}
